// !$*UTF8*$!
{
	archiveVersion = 1;
	classes = {
	};
	objectVersion = 50;
	objects = {

/* Begin PBXBuildFile section */
		6119473E25D4A6BA00343AEA /* AppDelegate.swift in Sources */ = {isa = PBXBuildFile; fileRef = 6119473D25D4A6BA00343AEA /* AppDelegate.swift */; };
		6119474025D4A6BA00343AEA /* SceneDelegate.swift in Sources */ = {isa = PBXBuildFile; fileRef = 6119473F25D4A6BA00343AEA /* SceneDelegate.swift */; };
		6119474225D4A6BA00343AEA /* ContentView.swift in Sources */ = {isa = PBXBuildFile; fileRef = 6119474125D4A6BA00343AEA /* ContentView.swift */; };
		6119474425D4A6BB00343AEA /* Assets.xcassets in Resources */ = {isa = PBXBuildFile; fileRef = 6119474325D4A6BB00343AEA /* Assets.xcassets */; };
		6119474725D4A6BB00343AEA /* Preview Assets.xcassets in Resources */ = {isa = PBXBuildFile; fileRef = 6119474625D4A6BB00343AEA /* Preview Assets.xcassets */; };
		6119474A25D4A6BB00343AEA /* LaunchScreen.storyboard in Resources */ = {isa = PBXBuildFile; fileRef = 6119474825D4A6BB00343AEA /* LaunchScreen.storyboard */; };
		6119475525D4A6BB00343AEA /* ObsidianRuneTests.swift in Sources */ = {isa = PBXBuildFile; fileRef = 6119475425D4A6BB00343AEA /* ObsidianRuneTests.swift */; };
		6119476025D4A6BB00343AEA /* ObsidianRuneUITests.swift in Sources */ = {isa = PBXBuildFile; fileRef = 6119475F25D4A6BB00343AEA /* ObsidianRuneUITests.swift */; };
/* End PBXBuildFile section */

/* Begin PBXContainerItemProxy section */
		6119475125D4A6BB00343AEA /* PBXContainerItemProxy */ = {
			isa = PBXContainerItemProxy;
			containerPortal = 6119473225D4A6BA00343AEA /* Project object */;
			proxyType = 1;
			remoteGlobalIDString = 6119473925D4A6BA00343AEA;
			remoteInfo = ObsidianRune;
		};
		6119475C25D4A6BB00343AEA /* PBXContainerItemProxy */ = {
			isa = PBXContainerItemProxy;
			containerPortal = 6119473225D4A6BA00343AEA /* Project object */;
			proxyType = 1;
			remoteGlobalIDString = 6119473925D4A6BA00343AEA;
			remoteInfo = ObsidianRune;
		};
/* End PBXContainerItemProxy section */

/* Begin PBXFileReference section */
		6119473A25D4A6BA00343AEA /* ObsidianRune.app */ = {isa = PBXFileReference; explicitFileType = wrapper.application; includeInIndex = 0; path = ObsidianRune.app; sourceTree = BUILT_PRODUCTS_DIR; };
		6119473D25D4A6BA00343AEA /* AppDelegate.swift */ = {isa = PBXFileReference; lastKnownFileType = sourcecode.swift; path = AppDelegate.swift; sourceTree = "<group>"; };
		6119473F25D4A6BA00343AEA /* SceneDelegate.swift */ = {isa = PBXFileReference; lastKnownFileType = sourcecode.swift; path = SceneDelegate.swift; sourceTree = "<group>"; };
		6119474125D4A6BA00343AEA /* ContentView.swift */ = {isa = PBXFileReference; lastKnownFileType = sourcecode.swift; path = ContentView.swift; sourceTree = "<group>"; };
		6119474325D4A6BB00343AEA /* Assets.xcassets */ = {isa = PBXFileReference; lastKnownFileType = folder.assetcatalog; path = Assets.xcassets; sourceTree = "<group>"; };
		6119474625D4A6BB00343AEA /* Preview Assets.xcassets */ = {isa = PBXFileReference; lastKnownFileType = folder.assetcatalog; path = "Preview Assets.xcassets"; sourceTree = "<group>"; };
		6119474925D4A6BB00343AEA /* Base */ = {isa = PBXFileReference; lastKnownFileType = file.storyboard; name = Base; path = Base.lproj/LaunchScreen.storyboard; sourceTree = "<group>"; };
		6119474B25D4A6BB00343AEA /* Info.plist */ = {isa = PBXFileReference; lastKnownFileType = text.plist.xml; path = Info.plist; sourceTree = "<group>"; };
		6119475025D4A6BB00343AEA /* ObsidianRuneTests.xctest */ = {isa = PBXFileReference; explicitFileType = wrapper.cfbundle; includeInIndex = 0; path = ObsidianRuneTests.xctest; sourceTree = BUILT_PRODUCTS_DIR; };
		6119475425D4A6BB00343AEA /* ObsidianRuneTests.swift */ = {isa = PBXFileReference; lastKnownFileType = sourcecode.swift; path = ObsidianRuneTests.swift; sourceTree = "<group>"; };
		6119475625D4A6BB00343AEA /* Info.plist */ = {isa = PBXFileReference; lastKnownFileType = text.plist.xml; path = Info.plist; sourceTree = "<group>"; };
		6119475B25D4A6BB00343AEA /* ObsidianRuneUITests.xctest */ = {isa = PBXFileReference; explicitFileType = wrapper.cfbundle; includeInIndex = 0; path = ObsidianRuneUITests.xctest; sourceTree = BUILT_PRODUCTS_DIR; };
		6119475F25D4A6BB00343AEA /* ObsidianRuneUITests.swift */ = {isa = PBXFileReference; lastKnownFileType = sourcecode.swift; path = ObsidianRuneUITests.swift; sourceTree = "<group>"; };
		6119476125D4A6BB00343AEA /* Info.plist */ = {isa = PBXFileReference; lastKnownFileType = text.plist.xml; path = Info.plist; sourceTree = "<group>"; };
/* End PBXFileReference section */

/* Begin PBXFrameworksBuildPhase section */
		6119473725D4A6BA00343AEA /* Frameworks */ = {
			isa = PBXFrameworksBuildPhase;
			buildActionMask = 2147483647;
			files = (
			);
			runOnlyForDeploymentPostprocessing = 0;
		};
		6119474D25D4A6BB00343AEA /* Frameworks */ = {
			isa = PBXFrameworksBuildPhase;
			buildActionMask = 2147483647;
			files = (
			);
			runOnlyForDeploymentPostprocessing = 0;
		};
		6119475825D4A6BB00343AEA /* Frameworks */ = {
			isa = PBXFrameworksBuildPhase;
			buildActionMask = 2147483647;
			files = (
			);
			runOnlyForDeploymentPostprocessing = 0;
		};
/* End PBXFrameworksBuildPhase section */

/* Begin PBXGroup section */
		6119473125D4A6BA00343AEA = {
			isa = PBXGroup;
			children = (
				6119473C25D4A6BA00343AEA /* ObsidianRune */,
				6119475325D4A6BB00343AEA /* ObsidianRuneTests */,
				6119475E25D4A6BB00343AEA /* ObsidianRuneUITests */,
				6119473B25D4A6BA00343AEA /* Products */,
			);
			sourceTree = "<group>";
		};
		6119473B25D4A6BA00343AEA /* Products */ = {
			isa = PBXGroup;
			children = (
				6119473A25D4A6BA00343AEA /* ObsidianRune.app */,
				6119475025D4A6BB00343AEA /* ObsidianRuneTests.xctest */,
				6119475B25D4A6BB00343AEA /* ObsidianRuneUITests.xctest */,
			);
			name = Products;
			sourceTree = "<group>";
		};
		6119473C25D4A6BA00343AEA /* ObsidianRune */ = {
			isa = PBXGroup;
			children = (
				6119473D25D4A6BA00343AEA /* AppDelegate.swift */,
				6119473F25D4A6BA00343AEA /* SceneDelegate.swift */,
				6119474125D4A6BA00343AEA /* ContentView.swift */,
				6119474325D4A6BB00343AEA /* Assets.xcassets */,
				6119474825D4A6BB00343AEA /* LaunchScreen.storyboard */,
				6119474B25D4A6BB00343AEA /* Info.plist */,
				6119474525D4A6BB00343AEA /* Preview Content */,
			);
			path = ObsidianRune;
			sourceTree = "<group>";
		};
		6119474525D4A6BB00343AEA /* Preview Content */ = {
			isa = PBXGroup;
			children = (
				6119474625D4A6BB00343AEA /* Preview Assets.xcassets */,
			);
			path = "Preview Content";
			sourceTree = "<group>";
		};
		6119475325D4A6BB00343AEA /* ObsidianRuneTests */ = {
			isa = PBXGroup;
			children = (
				6119475425D4A6BB00343AEA /* ObsidianRuneTests.swift */,
				6119475625D4A6BB00343AEA /* Info.plist */,
			);
			path = ObsidianRuneTests;
			sourceTree = "<group>";
		};
		6119475E25D4A6BB00343AEA /* ObsidianRuneUITests */ = {
			isa = PBXGroup;
			children = (
				6119475F25D4A6BB00343AEA /* ObsidianRuneUITests.swift */,
				6119476125D4A6BB00343AEA /* Info.plist */,
			);
			path = ObsidianRuneUITests;
			sourceTree = "<group>";
		};
/* End PBXGroup section */

/* Begin PBXNativeTarget section */
		6119473925D4A6BA00343AEA /* ObsidianRune */ = {
			isa = PBXNativeTarget;
			buildConfigurationList = 6119476425D4A6BB00343AEA /* Build configuration list for PBXNativeTarget "ObsidianRune" */;
			buildPhases = (
				6119473625D4A6BA00343AEA /* Sources */,
				6119473725D4A6BA00343AEA /* Frameworks */,
				6119473825D4A6BA00343AEA /* Resources */,
			);
			buildRules = (
			);
			dependencies = (
			);
			name = ObsidianRune;
			productName = ObsidianRune;
			productReference = 6119473A25D4A6BA00343AEA /* ObsidianRune.app */;
			productType = "com.apple.product-type.application";
		};
		6119474F25D4A6BB00343AEA /* ObsidianRuneTests */ = {
			isa = PBXNativeTarget;
			buildConfigurationList = 6119476725D4A6BB00343AEA /* Build configuration list for PBXNativeTarget "ObsidianRuneTests" */;
			buildPhases = (
				6119474C25D4A6BB00343AEA /* Sources */,
				6119474D25D4A6BB00343AEA /* Frameworks */,
				6119474E25D4A6BB00343AEA /* Resources */,
			);
			buildRules = (
			);
			dependencies = (
				6119475225D4A6BB00343AEA /* PBXTargetDependency */,
			);
			name = ObsidianRuneTests;
			productName = ObsidianRuneTests;
			productReference = 6119475025D4A6BB00343AEA /* ObsidianRuneTests.xctest */;
			productType = "com.apple.product-type.bundle.unit-test";
		};
		6119475A25D4A6BB00343AEA /* ObsidianRuneUITests */ = {
			isa = PBXNativeTarget;
			buildConfigurationList = 6119476A25D4A6BB00343AEA /* Build configuration list for PBXNativeTarget "ObsidianRuneUITests" */;
			buildPhases = (
				6119475725D4A6BB00343AEA /* Sources */,
				6119475825D4A6BB00343AEA /* Frameworks */,
				6119475925D4A6BB00343AEA /* Resources */,
			);
			buildRules = (
			);
			dependencies = (
				6119475D25D4A6BB00343AEA /* PBXTargetDependency */,
			);
			name = ObsidianRuneUITests;
			productName = ObsidianRuneUITests;
			productReference = 6119475B25D4A6BB00343AEA /* ObsidianRuneUITests.xctest */;
			productType = "com.apple.product-type.bundle.ui-testing";
		};
/* End PBXNativeTarget section */

/* Begin PBXProject section */
		6119473225D4A6BA00343AEA /* Project object */ = {
			isa = PBXProject;
			attributes = {
				LastSwiftUpdateCheck = 1230;
				LastUpgradeCheck = 1230;
				TargetAttributes = {
					6119473925D4A6BA00343AEA = {
						CreatedOnToolsVersion = 12.3;
					};
					6119474F25D4A6BB00343AEA = {
						CreatedOnToolsVersion = 12.3;
						TestTargetID = 6119473925D4A6BA00343AEA;
					};
					6119475A25D4A6BB00343AEA = {
						CreatedOnToolsVersion = 12.3;
						TestTargetID = 6119473925D4A6BA00343AEA;
					};
				};
			};
			buildConfigurationList = 6119473525D4A6BA00343AEA /* Build configuration list for PBXProject "ObsidianRune" */;
			compatibilityVersion = "Xcode 9.3";
			developmentRegion = en;
			hasScannedForEncodings = 0;
			knownRegions = (
				en,
				Base,
			);
			mainGroup = 6119473125D4A6BA00343AEA;
			productRefGroup = 6119473B25D4A6BA00343AEA /* Products */;
			projectDirPath = "";
			projectRoot = "";
			targets = (
				6119473925D4A6BA00343AEA /* ObsidianRune */,
				6119474F25D4A6BB00343AEA /* ObsidianRuneTests */,
				6119475A25D4A6BB00343AEA /* ObsidianRuneUITests */,
			);
		};
/* End PBXProject section */

/* Begin PBXResourcesBuildPhase section */
		6119473825D4A6BA00343AEA /* Resources */ = {
			isa = PBXResourcesBuildPhase;
			buildActionMask = 2147483647;
			files = (
				6119474A25D4A6BB00343AEA /* LaunchScreen.storyboard in Resources */,
				6119474725D4A6BB00343AEA /* Preview Assets.xcassets in Resources */,
				6119474425D4A6BB00343AEA /* Assets.xcassets in Resources */,
			);
			runOnlyForDeploymentPostprocessing = 0;
		};
		6119474E25D4A6BB00343AEA /* Resources */ = {
			isa = PBXResourcesBuildPhase;
			buildActionMask = 2147483647;
			files = (
			);
			runOnlyForDeploymentPostprocessing = 0;
		};
		6119475925D4A6BB00343AEA /* Resources */ = {
			isa = PBXResourcesBuildPhase;
			buildActionMask = 2147483647;
			files = (
			);
			runOnlyForDeploymentPostprocessing = 0;
		};
/* End PBXResourcesBuildPhase section */

/* Begin PBXSourcesBuildPhase section */
		6119473625D4A6BA00343AEA /* Sources */ = {
			isa = PBXSourcesBuildPhase;
			buildActionMask = 2147483647;
			files = (
				6119473E25D4A6BA00343AEA /* AppDelegate.swift in Sources */,
				6119474025D4A6BA00343AEA /* SceneDelegate.swift in Sources */,
				6119474225D4A6BA00343AEA /* ContentView.swift in Sources */,
			);
			runOnlyForDeploymentPostprocessing = 0;
		};
		6119474C25D4A6BB00343AEA /* Sources */ = {
			isa = PBXSourcesBuildPhase;
			buildActionMask = 2147483647;
			files = (
				6119475525D4A6BB00343AEA /* ObsidianRuneTests.swift in Sources */,
			);
			runOnlyForDeploymentPostprocessing = 0;
		};
		6119475725D4A6BB00343AEA /* Sources */ = {
			isa = PBXSourcesBuildPhase;
			buildActionMask = 2147483647;
			files = (
				6119476025D4A6BB00343AEA /* ObsidianRuneUITests.swift in Sources */,
			);
			runOnlyForDeploymentPostprocessing = 0;
		};
/* End PBXSourcesBuildPhase section */

/* Begin PBXTargetDependency section */
		6119475225D4A6BB00343AEA /* PBXTargetDependency */ = {
			isa = PBXTargetDependency;
			target = 6119473925D4A6BA00343AEA /* ObsidianRune */;
			targetProxy = 6119475125D4A6BB00343AEA /* PBXContainerItemProxy */;
		};
		6119475D25D4A6BB00343AEA /* PBXTargetDependency */ = {
			isa = PBXTargetDependency;
			target = 6119473925D4A6BA00343AEA /* ObsidianRune */;
			targetProxy = 6119475C25D4A6BB00343AEA /* PBXContainerItemProxy */;
		};
/* End PBXTargetDependency section */

/* Begin PBXVariantGroup section */
		6119474825D4A6BB00343AEA /* LaunchScreen.storyboard */ = {
			isa = PBXVariantGroup;
			children = (
				6119474925D4A6BB00343AEA /* Base */,
			);
			name = LaunchScreen.storyboard;
			sourceTree = "<group>";
		};
/* End PBXVariantGroup section */

/* Begin XCBuildConfiguration section */
		6119476225D4A6BB00343AEA /* Debug */ = {
			isa = XCBuildConfiguration;
			buildSettings = {
				ALWAYS_SEARCH_USER_PATHS = NO;
				CLANG_ANALYZER_NONNULL = YES;
				CLANG_ANALYZER_NUMBER_OBJECT_CONVERSION = YES_AGGRESSIVE;
				CLANG_CXX_LANGUAGE_STANDARD = "gnu++14";
				CLANG_CXX_LIBRARY = "libc++";
				CLANG_ENABLE_MODULES = YES;
				CLANG_ENABLE_OBJC_ARC = YES;
				CLANG_ENABLE_OBJC_WEAK = YES;
				CLANG_WARN_BLOCK_CAPTURE_AUTORELEASING = YES;
				CLANG_WARN_BOOL_CONVERSION = YES;
				CLANG_WARN_COMMA = YES;
				CLANG_WARN_CONSTANT_CONVERSION = YES;
				CLANG_WARN_DEPRECATED_OBJC_IMPLEMENTATIONS = YES;
				CLANG_WARN_DIRECT_OBJC_ISA_USAGE = YES_ERROR;
				CLANG_WARN_DOCUMENTATION_COMMENTS = YES;
				CLANG_WARN_EMPTY_BODY = YES;
				CLANG_WARN_ENUM_CONVERSION = YES;
				CLANG_WARN_INFINITE_RECURSION = YES;
				CLANG_WARN_INT_CONVERSION = YES;
				CLANG_WARN_NON_LITERAL_NULL_CONVERSION = YES;
				CLANG_WARN_OBJC_IMPLICIT_RETAIN_SELF = YES;
				CLANG_WARN_OBJC_LITERAL_CONVERSION = YES;
				CLANG_WARN_OBJC_ROOT_CLASS = YES_ERROR;
				CLANG_WARN_QUOTED_INCLUDE_IN_FRAMEWORK_HEADER = YES;
				CLANG_WARN_RANGE_LOOP_ANALYSIS = YES;
				CLANG_WARN_STRICT_PROTOTYPES = YES;
				CLANG_WARN_SUSPICIOUS_MOVE = YES;
				CLANG_WARN_UNGUARDED_AVAILABILITY = YES_AGGRESSIVE;
				CLANG_WARN_UNREACHABLE_CODE = YES;
				CLANG_WARN__DUPLICATE_METHOD_MATCH = YES;
				COPY_PHASE_STRIP = NO;
				DEBUG_INFORMATION_FORMAT = dwarf;
				ENABLE_STRICT_OBJC_MSGSEND = YES;
				ENABLE_TESTABILITY = YES;
				GCC_C_LANGUAGE_STANDARD = gnu11;
				GCC_DYNAMIC_NO_PIC = NO;
				GCC_NO_COMMON_BLOCKS = YES;
				GCC_OPTIMIZATION_LEVEL = 0;
				GCC_PREPROCESSOR_DEFINITIONS = (
					"DEBUG=1",
					"$(inherited)",
				);
				GCC_WARN_64_TO_32_BIT_CONVERSION = YES;
				GCC_WARN_ABOUT_RETURN_TYPE = YES_ERROR;
				GCC_WARN_UNDECLARED_SELECTOR = YES;
				GCC_WARN_UNINITIALIZED_AUTOS = YES_AGGRESSIVE;
				GCC_WARN_UNUSED_FUNCTION = YES;
				GCC_WARN_UNUSED_VARIABLE = YES;
				IPHONEOS_DEPLOYMENT_TARGET = 14.3;
				MTL_ENABLE_DEBUG_INFO = INCLUDE_SOURCE;
				MTL_FAST_MATH = YES;
				ONLY_ACTIVE_ARCH = YES;
				SDKROOT = iphoneos;
				SWIFT_ACTIVE_COMPILATION_CONDITIONS = DEBUG;
				SWIFT_OPTIMIZATION_LEVEL = "-Onone";
			};
			name = Debug;
		};
		6119476325D4A6BB00343AEA /* Release */ = {
			isa = XCBuildConfiguration;
			buildSettings = {
				ALWAYS_SEARCH_USER_PATHS = NO;
				CLANG_ANALYZER_NONNULL = YES;
				CLANG_ANALYZER_NUMBER_OBJECT_CONVERSION = YES_AGGRESSIVE;
				CLANG_CXX_LANGUAGE_STANDARD = "gnu++14";
				CLANG_CXX_LIBRARY = "libc++";
				CLANG_ENABLE_MODULES = YES;
				CLANG_ENABLE_OBJC_ARC = YES;
				CLANG_ENABLE_OBJC_WEAK = YES;
				CLANG_WARN_BLOCK_CAPTURE_AUTORELEASING = YES;
				CLANG_WARN_BOOL_CONVERSION = YES;
				CLANG_WARN_COMMA = YES;
				CLANG_WARN_CONSTANT_CONVERSION = YES;
				CLANG_WARN_DEPRECATED_OBJC_IMPLEMENTATIONS = YES;
				CLANG_WARN_DIRECT_OBJC_ISA_USAGE = YES_ERROR;
				CLANG_WARN_DOCUMENTATION_COMMENTS = YES;
				CLANG_WARN_EMPTY_BODY = YES;
				CLANG_WARN_ENUM_CONVERSION = YES;
				CLANG_WARN_INFINITE_RECURSION = YES;
				CLANG_WARN_INT_CONVERSION = YES;
				CLANG_WARN_NON_LITERAL_NULL_CONVERSION = YES;
				CLANG_WARN_OBJC_IMPLICIT_RETAIN_SELF = YES;
				CLANG_WARN_OBJC_LITERAL_CONVERSION = YES;
				CLANG_WARN_OBJC_ROOT_CLASS = YES_ERROR;
				CLANG_WARN_QUOTED_INCLUDE_IN_FRAMEWORK_HEADER = YES;
				CLANG_WARN_RANGE_LOOP_ANALYSIS = YES;
				CLANG_WARN_STRICT_PROTOTYPES = YES;
				CLANG_WARN_SUSPICIOUS_MOVE = YES;
				CLANG_WARN_UNGUARDED_AVAILABILITY = YES_AGGRESSIVE;
				CLANG_WARN_UNREACHABLE_CODE = YES;
				CLANG_WARN__DUPLICATE_METHOD_MATCH = YES;
				COPY_PHASE_STRIP = NO;
				DEBUG_INFORMATION_FORMAT = "dwarf-with-dsym";
				ENABLE_NS_ASSERTIONS = NO;
				ENABLE_STRICT_OBJC_MSGSEND = YES;
				GCC_C_LANGUAGE_STANDARD = gnu11;
				GCC_NO_COMMON_BLOCKS = YES;
				GCC_WARN_64_TO_32_BIT_CONVERSION = YES;
				GCC_WARN_ABOUT_RETURN_TYPE = YES_ERROR;
				GCC_WARN_UNDECLARED_SELECTOR = YES;
				GCC_WARN_UNINITIALIZED_AUTOS = YES_AGGRESSIVE;
				GCC_WARN_UNUSED_FUNCTION = YES;
				GCC_WARN_UNUSED_VARIABLE = YES;
				IPHONEOS_DEPLOYMENT_TARGET = 14.3;
				MTL_ENABLE_DEBUG_INFO = NO;
				MTL_FAST_MATH = YES;
				SDKROOT = iphoneos;
				SWIFT_COMPILATION_MODE = wholemodule;
				SWIFT_OPTIMIZATION_LEVEL = "-O";
				VALIDATE_PRODUCT = YES;
			};
			name = Release;
		};
		6119476525D4A6BB00343AEA /* Debug */ = {
			isa = XCBuildConfiguration;
			buildSettings = {
				ASSETCATALOG_COMPILER_APPICON_NAME = AppIcon;
				ASSETCATALOG_COMPILER_GLOBAL_ACCENT_COLOR_NAME = AccentColor;
				CODE_SIGN_STYLE = Automatic;
				DEVELOPMENT_ASSET_PATHS = "\"ObsidianRune/Preview Content\"";
				DEVELOPMENT_TEAM = H2Z5H6SJYD;
				ENABLE_PREVIEWS = YES;
				INFOPLIST_FILE = ObsidianRune/Info.plist;
				LD_RUNPATH_SEARCH_PATHS = (
					"$(inherited)",
					"@executable_path/Frameworks",
				);
				PRODUCT_BUNDLE_IDENTIFIER = com.ObsidianRune.ObsidianRune.ObsidianRune;
				PRODUCT_NAME = "$(TARGET_NAME)";
				SWIFT_VERSION = 5.0;
				TARGETED_DEVICE_FAMILY = "1,2";
			};
			name = Debug;
		};
		6119476625D4A6BB00343AEA /* Release */ = {
			isa = XCBuildConfiguration;
			buildSettings = {
				ASSETCATALOG_COMPILER_APPICON_NAME = AppIcon;
				ASSETCATALOG_COMPILER_GLOBAL_ACCENT_COLOR_NAME = AccentColor;
				CODE_SIGN_STYLE = Automatic;
				DEVELOPMENT_ASSET_PATHS = "\"ObsidianRune/Preview Content\"";
				DEVELOPMENT_TEAM = H2Z5H6SJYD;
				ENABLE_PREVIEWS = YES;
				INFOPLIST_FILE = ObsidianRune/Info.plist;
				LD_RUNPATH_SEARCH_PATHS = (
					"$(inherited)",
					"@executable_path/Frameworks",
				);
				PRODUCT_BUNDLE_IDENTIFIER = com.ObsidianRune.ObsidianRune.ObsidianRune;
				PRODUCT_NAME = "$(TARGET_NAME)";
				SWIFT_VERSION = 5.0;
				TARGETED_DEVICE_FAMILY = "1,2";
			};
			name = Release;
		};
		6119476825D4A6BB00343AEA /* Debug */ = {
			isa = XCBuildConfiguration;
			buildSettings = {
				ALWAYS_EMBED_SWIFT_STANDARD_LIBRARIES = YES;
				BUNDLE_LOADER = "$(TEST_HOST)";
				CODE_SIGN_STYLE = Automatic;
				DEVELOPMENT_TEAM = H2Z5H6SJYD;
				INFOPLIST_FILE = ObsidianRuneTests/Info.plist;
				IPHONEOS_DEPLOYMENT_TARGET = 14.3;
				LD_RUNPATH_SEARCH_PATHS = (
					"$(inherited)",
					"@executable_path/Frameworks",
					"@loader_path/Frameworks",
				);
				PRODUCT_BUNDLE_IDENTIFIER = com.ObsidianRune.ObsidianRune.ObsidianRuneTests;
				PRODUCT_NAME = "$(TARGET_NAME)";
				SWIFT_VERSION = 5.0;
				TARGETED_DEVICE_FAMILY = "1,2";
				TEST_HOST = "$(BUILT_PRODUCTS_DIR)/ObsidianRune.app/ObsidianRune";
			};
			name = Debug;
		};
		6119476925D4A6BB00343AEA /* Release */ = {
			isa = XCBuildConfiguration;
			buildSettings = {
				ALWAYS_EMBED_SWIFT_STANDARD_LIBRARIES = YES;
				BUNDLE_LOADER = "$(TEST_HOST)";
				CODE_SIGN_STYLE = Automatic;
				DEVELOPMENT_TEAM = H2Z5H6SJYD;
				INFOPLIST_FILE = ObsidianRuneTests/Info.plist;
				IPHONEOS_DEPLOYMENT_TARGET = 14.3;
				LD_RUNPATH_SEARCH_PATHS = (
					"$(inherited)",
					"@executable_path/Frameworks",
					"@loader_path/Frameworks",
				);
				PRODUCT_BUNDLE_IDENTIFIER = com.ObsidianRune.ObsidianRune.ObsidianRuneTests;
				PRODUCT_NAME = "$(TARGET_NAME)";
				SWIFT_VERSION = 5.0;
				TARGETED_DEVICE_FAMILY = "1,2";
				TEST_HOST = "$(BUILT_PRODUCTS_DIR)/ObsidianRune.app/ObsidianRune";
			};
			name = Release;
		};
		6119476B25D4A6BB00343AEA /* Debug */ = {
			isa = XCBuildConfiguration;
			buildSettings = {
				ALWAYS_EMBED_SWIFT_STANDARD_LIBRARIES = YES;
				CODE_SIGN_STYLE = Automatic;
				DEVELOPMENT_TEAM = H2Z5H6SJYD;
				INFOPLIST_FILE = ObsidianRuneUITests/Info.plist;
				LD_RUNPATH_SEARCH_PATHS = (
					"$(inherited)",
					"@executable_path/Frameworks",
					"@loader_path/Frameworks",
				);
				PRODUCT_BUNDLE_IDENTIFIER = com.ObsidianRune.ObsidianRune.ObsidianRuneUITests;
				PRODUCT_NAME = "$(TARGET_NAME)";
				SWIFT_VERSION = 5.0;
				TARGETED_DEVICE_FAMILY = "1,2";
				TEST_TARGET_NAME = ObsidianRune;
			};
			name = Debug;
		};
		6119476C25D4A6BB00343AEA /* Release */ = {
			isa = XCBuildConfiguration;
			buildSettings = {
				ALWAYS_EMBED_SWIFT_STANDARD_LIBRARIES = YES;
				CODE_SIGN_STYLE = Automatic;
				DEVELOPMENT_TEAM = H2Z5H6SJYD;
				INFOPLIST_FILE = ObsidianRuneUITests/Info.plist;
				LD_RUNPATH_SEARCH_PATHS = (
					"$(inherited)",
					"@executable_path/Frameworks",
					"@loader_path/Frameworks",
				);
				PRODUCT_BUNDLE_IDENTIFIER = com.ObsidianRune.ObsidianRune.ObsidianRuneUITests;
				PRODUCT_NAME = "$(TARGET_NAME)";
				SWIFT_VERSION = 5.0;
				TARGETED_DEVICE_FAMILY = "1,2";
				TEST_TARGET_NAME = ObsidianRune;
			};
			name = Release;
		};
/* End XCBuildConfiguration section */

/* Begin XCConfigurationList section */
		6119473525D4A6BA00343AEA /* Build configuration list for PBXProject "ObsidianRune" */ = {
			isa = XCConfigurationList;
			buildConfigurations = (
				6119476225D4A6BB00343AEA /* Debug */,
				6119476325D4A6BB00343AEA /* Release */,
			);
			defaultConfigurationIsVisible = 0;
			defaultConfigurationName = Release;
		};
		6119476425D4A6BB00343AEA /* Build configuration list for PBXNativeTarget "ObsidianRune" */ = {
			isa = XCConfigurationList;
			buildConfigurations = (
				6119476525D4A6BB00343AEA /* Debug */,
				6119476625D4A6BB00343AEA /* Release */,
			);
			defaultConfigurationIsVisible = 0;
			defaultConfigurationName = Release;
		};
		6119476725D4A6BB00343AEA /* Build configuration list for PBXNativeTarget "ObsidianRuneTests" */ = {
			isa = XCConfigurationList;
			buildConfigurations = (
				6119476825D4A6BB00343AEA /* Debug */,
				6119476925D4A6BB00343AEA /* Release */,
			);
			defaultConfigurationIsVisible = 0;
			defaultConfigurationName = Release;
		};
		6119476A25D4A6BB00343AEA /* Build configuration list for PBXNativeTarget "ObsidianRuneUITests" */ = {
			isa = XCConfigurationList;
			buildConfigurations = (
				6119476B25D4A6BB00343AEA /* Debug */,
				6119476C25D4A6BB00343AEA /* Release */,
			);
			defaultConfigurationIsVisible = 0;
			defaultConfigurationName = Release;
		};
/* End XCConfigurationList section */
	};
	rootObject = 6119473225D4A6BA00343AEA /* Project object */;
}
